
Microsoft Visual Studio Solution File, Format Version 12.00
# Visual Studio Version 16
VisualStudioVersion = 16.0.30523.141
MinimumVisualStudioVersion = 10.0.40219.1
Project("{FAE04EC0-301F-11D3-BF4B-00C04F79EFBC}") = "PublisherScheduler", "PublisherScheduler\PublisherScheduler.csproj", "{70209785-50D1-4346-A8E7-689FD15A58DB}"
EndProject
Global
	GlobalSection(SolutionConfigurationPlatforms) = preSolution
		Debug|Any CPU = Debug|Any CPU
		Release|Any CPU = Release|Any CPU
	EndGlobalSection
	GlobalSection(ProjectConfigurationPlatforms) = postSolution
		{70209785-50D1-4346-A8E7-689FD15A58DB}.Debug|Any CPU.ActiveCfg = Debug|Any CPU
		{70209785-50D1-4346-A8E7-689FD15A58DB}.Debug|Any CPU.Build.0 = Debug|Any CPU
		{70209785-50D1-4346-A8E7-689FD15A58DB}.Release|Any CPU.ActiveCfg = Release|Any CPU
		{70209785-50D1-4346-A8E7-689FD15A58DB}.Release|Any CPU.Build.0 = Release|Any CPU
	EndGlobalSection
	GlobalSection(SolutionProperties) = preSolution
		HideSolutionNode = FALSE
	EndGlobalSection
	GlobalSection(ExtensibilityGlobals) = postSolution
		SolutionGuid = {509A56F3-D35D-4A59-AB57-19E77ABD7F4D}
	EndGlobalSection
EndGlobal
